github.com/FortAwesome/Font-Awesome v0.0.0-20241216213156-af620534bfc3/go.mod h1:IUgezN/MFpCDIlFezw3L8j83oeiIuYoj28Miwr/KUYo=
github.com/google/docsy v0.11.1-0.20250424121410-343cdec14c0a h1:yBtSn/NdYPZ2ScEyNbqCruLleEh+r6OS4kKCU2HYyEU=
github.com/google/docsy v0.11.1-0.20250424121410-343cdec14c0a/go.mod h1:jafNHER7YZwS1P24oXqemNBfGLXbGmcXX0HTQIip/N4=
github.com/google/docsy v0.11.1-0.20250428233416-f4ea6a1ebdef h1:FVx7GCZFsd/88/dzoUj/P/RuB6DoBPyFcWXRDnFvGCI=
github.com/google/docsy v0.11.1-0.20250428233416-f4ea6a1ebdef/go.mod h1:jafNHER7YZwS1P24oXqemNBfGLXbGmcXX0HTQIip/N4=
github.com/google/docsy v0.11.1-0.20250502000714-62273b980ed4 h1:7ocHsvy+g373+WBs+08/00mLRd1IItnoboEiFq2MBCA=
github.com/google/docsy v0.11.1-0.20250502000714-62273b980ed4/go.mod h1:jafNHER7YZwS1P24oXqemNBfGLXbGmcXX0HTQIip/N4=
github.com/google/docsy v0.11.1-0.20250514182508-bccd7eadc382 h1:SYz0VNmVsng89f7+Y9jOeYhiBklf6jpZuS0+TrbJpvo=
github.com/google/docsy v0.11.1-0.20250514182508-bccd7eadc382/go.mod h1:1bioDqA493neyFesaTvQ9reV0V2vYy+xUAnlnz7+miM=
github.com/google/docsy v0.11.1-0.20250516151613-47fd135c4b3e h1:HfmBArN3/h9Q385iNWQpyeeuHmE93S3YinzrxnETfx8=
github.com/google/docsy v0.11.1-0.20250516151613-47fd135c4b3e/go.mod h1:1bioDqA493neyFesaTvQ9reV0V2vYy+xUAnlnz7+miM=
github.com/google/docsy v0.11.1-0.20250522230856-b8d1d5136992 h1:6ON0ERXNGVCwDTovFFU2dXrbTEHg2aioSmMR5G9Mmrs=
github.com/google/docsy v0.11.1-0.20250522230856-b8d1d5136992/go.mod h1:1bioDqA493neyFesaTvQ9reV0V2vYy+xUAnlnz7+miM=
github.com/google/docsy v0.11.1-0.20250523131530-89bd75149f2b h1:L+atNr0pljZVKnx9MI46PB45UB/IknGadhFly+eJa2o=
github.com/google/docsy v0.11.1-0.20250523131530-89bd75149f2b/go.mod h1:1bioDqA493neyFesaTvQ9reV0V2vYy+xUAnlnz7+miM=
github.com/twbs/bootstrap v5.3.5+incompatible/go.mod h1:fZTSrkpSf0/HkL0IIJzvVspTt1r9zuf7XlZau8kpcY0=
github.com/twbs/bootstrap v5.3.6+incompatible/go.mod h1:fZTSrkpSf0/HkL0IIJzvVspTt1r9zuf7XlZau8kpcY0=
